
Microsoft Visual Studio Solution File, Format Version 12.00
# Visual Studio Version 17
VisualStudioVersion = 17.5.002.0
MinimumVisualStudioVersion = 10.0.40219.1
Project("{9A19103F-16F7-4668-BE54-9A1E7A4F7556}") = "Lab8 Bartosz Potyrała", "Lab8 Bartosz Potyrała.csproj", "{87007911-E4F6-4693-9BD2-7D8947759A97}"
EndProject
Global
	GlobalSection(SolutionConfigurationPlatforms) = preSolution
		Debug|Any CPU = Debug|Any CPU
		Release|Any CPU = Release|Any CPU
	EndGlobalSection
	GlobalSection(ProjectConfigurationPlatforms) = postSolution
		{87007911-E4F6-4693-9BD2-7D8947759A97}.Debug|Any CPU.ActiveCfg = Debug|Any CPU
		{87007911-E4F6-4693-9BD2-7D8947759A97}.Debug|Any CPU.Build.0 = Debug|Any CPU
		{87007911-E4F6-4693-9BD2-7D8947759A97}.Release|Any CPU.ActiveCfg = Release|Any CPU
		{87007911-E4F6-4693-9BD2-7D8947759A97}.Release|Any CPU.Build.0 = Release|Any CPU
	EndGlobalSection
	GlobalSection(SolutionProperties) = preSolution
		HideSolutionNode = FALSE
	EndGlobalSection
	GlobalSection(ExtensibilityGlobals) = postSolution
		SolutionGuid = {1E3E08F1-C9F0-4571-B316-7D5CBA0C1410}
	EndGlobalSection
EndGlobal
